
Microsoft Visual Studio Solution File, Format Version 12.00
# Visual Studio Version 17
VisualStudioVersion = 17.8.34330.188
MinimumVisualStudioVersion = 10.0.40219.1
Project("{FAE04EC0-301F-11D3-BF4B-00C04F79EFBC}") = "MinimalWebAPI", "MinimalWebAPI\MinimalWebAPI.csproj", "{1E0D94F7-51B9-4B3B-9AD5-8475A1611E4F}"
EndProject
Project("{FAE04EC0-301F-11D3-BF4B-00C04F79EFBC}") = "Domain_Layer", "Domain_Layer\Domain_Layer.csproj", "{2254B7AD-7D36-4C26-87BB-05BFEA1A2086}"
EndProject
Global
	GlobalSection(SolutionConfigurationPlatforms) = preSolution
		Debug|Any CPU = Debug|Any CPU
		Release|Any CPU = Release|Any CPU
	EndGlobalSection
	GlobalSection(ProjectConfigurationPlatforms) = postSolution
		{1E0D94F7-51B9-4B3B-9AD5-8475A1611E4F}.Debug|Any CPU.ActiveCfg = Debug|Any CPU
		{1E0D94F7-51B9-4B3B-9AD5-8475A1611E4F}.Debug|Any CPU.Build.0 = Debug|Any CPU
		{1E0D94F7-51B9-4B3B-9AD5-8475A1611E4F}.Release|Any CPU.ActiveCfg = Release|Any CPU
		{1E0D94F7-51B9-4B3B-9AD5-8475A1611E4F}.Release|Any CPU.Build.0 = Release|Any CPU
		{2254B7AD-7D36-4C26-87BB-05BFEA1A2086}.Debug|Any CPU.ActiveCfg = Debug|Any CPU
		{2254B7AD-7D36-4C26-87BB-05BFEA1A2086}.Debug|Any CPU.Build.0 = Debug|Any CPU
		{2254B7AD-7D36-4C26-87BB-05BFEA1A2086}.Release|Any CPU.ActiveCfg = Release|Any CPU
		{2254B7AD-7D36-4C26-87BB-05BFEA1A2086}.Release|Any CPU.Build.0 = Release|Any CPU
	EndGlobalSection
	GlobalSection(SolutionProperties) = preSolution
		HideSolutionNode = FALSE
	EndGlobalSection
	GlobalSection(ExtensibilityGlobals) = postSolution
		SolutionGuid = {FB2D30A2-67B0-4FA1-88F6-E2739AE1FF79}
	EndGlobalSection
EndGlobal
